
Microsoft Visual Studio Solution File, Format Version 12.00
# Visual Studio Version 17
VisualStudioVersion = 17.5.002.0
MinimumVisualStudioVersion = 10.0.40219.1
Project("{2150E333-8FDC-42A3-9474-1A3956D46DE8}") = "src", "src", "{F257851D-DC01-46BF-9B56-0CE741F7F135}"
EndProject
Project("{2150E333-8FDC-42A3-9474-1A3956D46DE8}") = "Services", "Services", "{ECBBB0FD-769A-49E9-8FAF-38067904ADA8}"
EndProject
Project("{2150E333-8FDC-42A3-9474-1A3956D46DE8}") = "Ordering", "Ordering", "{F080AA25-4147-43D5-86CB-0452EF71E4B2}"
EndProject
Project("{2150E333-8FDC-42A3-9474-1A3956D46DE8}") = "Ordering.Domain", "Ordering.Domain", "{0A5134B9-14D5-4C67-BED0-DE9B6CA9E9C6}"
EndProject
Project("{2150E333-8FDC-42A3-9474-1A3956D46DE8}") = "Services", "Services", "{1E490E44-B4F5-4FF4-84E1-0315D69B99CB}"
EndProject
Project("{2150E333-8FDC-42A3-9474-1A3956D46DE8}") = "Ordering", "Ordering", "{F4BFF433-AA77-4AA6-A4FC-8388F8FE06A9}"
EndProject
Project("{FAE04EC0-301F-11D3-BF4B-00C04F79EFBC}") = "Ordering.API", "src\Services\Ordering\Ordering.API\Ordering.API.csproj", "{EC8731A5-B38C-4716-87FC-81EE05C1B6BA}"
EndProject
Global
	GlobalSection(SolutionConfigurationPlatforms) = preSolution
		Debug|Any CPU = Debug|Any CPU
		Release|Any CPU = Release|Any CPU
	EndGlobalSection
	GlobalSection(ProjectConfigurationPlatforms) = postSolution
		{EC8731A5-B38C-4716-87FC-81EE05C1B6BA}.Debug|Any CPU.ActiveCfg = Debug|Any CPU
		{EC8731A5-B38C-4716-87FC-81EE05C1B6BA}.Debug|Any CPU.Build.0 = Debug|Any CPU
		{EC8731A5-B38C-4716-87FC-81EE05C1B6BA}.Release|Any CPU.ActiveCfg = Release|Any CPU
		{EC8731A5-B38C-4716-87FC-81EE05C1B6BA}.Release|Any CPU.Build.0 = Release|Any CPU
	EndGlobalSection
	GlobalSection(SolutionProperties) = preSolution
		HideSolutionNode = FALSE
	EndGlobalSection
	GlobalSection(NestedProjects) = preSolution
		{1E490E44-B4F5-4FF4-84E1-0315D69B99CB} = {F257851D-DC01-46BF-9B56-0CE741F7F135}
		{F4BFF433-AA77-4AA6-A4FC-8388F8FE06A9} = {1E490E44-B4F5-4FF4-84E1-0315D69B99CB}
		{EC8731A5-B38C-4716-87FC-81EE05C1B6BA} = {F4BFF433-AA77-4AA6-A4FC-8388F8FE06A9}
	EndGlobalSection
	GlobalSection(ExtensibilityGlobals) = postSolution
		SolutionGuid = {492678D9-F45D-453D-88AE-411B250DB2D3}
	EndGlobalSection
EndGlobal
